
Microsoft Visual Studio Solution File, Format Version 12.00
# Visual Studio Version 16
VisualStudioVersion = 16.0.29509.3
MinimumVisualStudioVersion = 10.0.40219.1
Project("{9A19103F-16F7-4668-BE54-9A1E7A4F7556}") = "WindowsClient", "WindowsClient\WindowsClient.csproj", "{97088C34-1990-4C04-975D-917D9D2E2863}"
EndProject
Project("{FAE04EC0-301F-11D3-BF4B-00C04F79EFBC}") = "GameCore", "GameCore\GameCore.csproj", "{BE4378AD-9741-48E1-A599-E223057D1F3A}"
EndProject
Project("{9A19103F-16F7-4668-BE54-9A1E7A4F7556}") = "PandaMonogame", "PandaMonogame\PandaMonogame.csproj", "{0B3CB335-B471-4C98-BDCC-D3CA9371945E}"
EndProject
Global
	GlobalSection(SolutionConfigurationPlatforms) = preSolution
		Debug|Any CPU = Debug|Any CPU
		Release|Any CPU = Release|Any CPU
	EndGlobalSection
	GlobalSection(ProjectConfigurationPlatforms) = postSolution
		{97088C34-1990-4C04-975D-917D9D2E2863}.Debug|Any CPU.ActiveCfg = Debug|Any CPU
		{97088C34-1990-4C04-975D-917D9D2E2863}.Debug|Any CPU.Build.0 = Debug|Any CPU
		{97088C34-1990-4C04-975D-917D9D2E2863}.Release|Any CPU.ActiveCfg = Release|Any CPU
		{97088C34-1990-4C04-975D-917D9D2E2863}.Release|Any CPU.Build.0 = Release|Any CPU
		{BE4378AD-9741-48E1-A599-E223057D1F3A}.Debug|Any CPU.ActiveCfg = Debug|Any CPU
		{BE4378AD-9741-48E1-A599-E223057D1F3A}.Debug|Any CPU.Build.0 = Debug|Any CPU
		{BE4378AD-9741-48E1-A599-E223057D1F3A}.Release|Any CPU.ActiveCfg = Release|Any CPU
		{BE4378AD-9741-48E1-A599-E223057D1F3A}.Release|Any CPU.Build.0 = Release|Any CPU
		{0B3CB335-B471-4C98-BDCC-D3CA9371945E}.Debug|Any CPU.ActiveCfg = Debug|Any CPU
		{0B3CB335-B471-4C98-BDCC-D3CA9371945E}.Debug|Any CPU.Build.0 = Debug|Any CPU
		{0B3CB335-B471-4C98-BDCC-D3CA9371945E}.Release|Any CPU.ActiveCfg = Release|Any CPU
		{0B3CB335-B471-4C98-BDCC-D3CA9371945E}.Release|Any CPU.Build.0 = Release|Any CPU
	EndGlobalSection
	GlobalSection(SolutionProperties) = preSolution
		HideSolutionNode = FALSE
	EndGlobalSection
	GlobalSection(ExtensibilityGlobals) = postSolution
		SolutionGuid = {AB5F591F-7AEB-42D7-9E40-FE1EB53D4682}
	EndGlobalSection
EndGlobal
